
Microsoft Visual Studio Solution File, Format Version 12.00
# Visual Studio Version 16
VisualStudioVersion = 16.0.31321.278
MinimumVisualStudioVersion = 10.0.40219.1
Project("{FAE04EC0-301F-11D3-BF4B-00C04F79EFBC}") = "Aurora", "Aurora\Aurora.csproj", "{0FC998F2-88F4-453E-9E7A-18C91450A30C}"
EndProject
Global
	GlobalSection(SolutionConfigurationPlatforms) = preSolution
		Debug|Any CPU = Debug|Any CPU
		Release|Any CPU = Release|Any CPU
	EndGlobalSection
	GlobalSection(ProjectConfigurationPlatforms) = postSolution
		{0FC998F2-88F4-453E-9E7A-18C91450A30C}.Debug|Any CPU.ActiveCfg = Debug|Any CPU
		{0FC998F2-88F4-453E-9E7A-18C91450A30C}.Debug|Any CPU.Build.0 = Debug|Any CPU
		{0FC998F2-88F4-453E-9E7A-18C91450A30C}.Release|Any CPU.ActiveCfg = Release|Any CPU
		{0FC998F2-88F4-453E-9E7A-18C91450A30C}.Release|Any CPU.Build.0 = Release|Any CPU
	EndGlobalSection
	GlobalSection(SolutionProperties) = preSolution
		HideSolutionNode = FALSE
	EndGlobalSection
	GlobalSection(ExtensibilityGlobals) = postSolution
		SolutionGuid = {62FB37C8-3815-4363-B2B4-9A5DBBA63C56}
	EndGlobalSection
EndGlobal
